<?xml version="1.0" encoding="utf-8"?>
<Project ToolsVersion="4.0" xmlns="http://schemas.microsoft.com/developer/msbuild/2003">
  <ItemGroup>
    <Filter Include="Source files">
      <UniqueIdentifier>{20f83f29-2bd2-49ad-b2f0-ef8ce3ffae63}</UniqueIdentifier>
    </Filter>
    <Filter Include="Header files">
      <UniqueIdentifier>{607964f1-16e4-46a8-b23f-d39cdd5fff7c}</UniqueIdentifier>
    </Filter>
  </ItemGroup>
  <ItemGroup>
    <ClCompile Include="src\oldSourceCode.cpp">
      <Filter>Source files</Filter>
    </ClCompile>
    <ClCompile Include="src\OGLEngine2.cpp" />
  </ItemGroup>
  <ItemGroup>
    <ClInclude Include="include\OGLEngine2.h">
      <Filter>Header files</Filter>
    </ClInclude>
  </ItemGroup>
</Project>